
Microsoft Visual Studio Solution File, Format Version 12.00
# Visual Studio Version 17
VisualStudioVersion = 17.8.34330.188
MinimumVisualStudioVersion = 10.0.40219.1
Project("{FAE04EC0-301F-11D3-BF4B-00C04F79EFBC}") = "DijiDemiLogin3", "DijiDemiLogin3.csproj", "{CDC975B5-CF01-4C77-8146-8BD22FBEACCD}"
EndProject
Global
	GlobalSection(SolutionConfigurationPlatforms) = preSolution
		Debug|Any CPU = Debug|Any CPU
		Release|Any CPU = Release|Any CPU
	EndGlobalSection
	GlobalSection(ProjectConfigurationPlatforms) = postSolution
		{CDC975B5-CF01-4C77-8146-8BD22FBEACCD}.Debug|Any CPU.ActiveCfg = Debug|Any CPU
		{CDC975B5-CF01-4C77-8146-8BD22FBEACCD}.Debug|Any CPU.Build.0 = Debug|Any CPU
		{CDC975B5-CF01-4C77-8146-8BD22FBEACCD}.Release|Any CPU.ActiveCfg = Release|Any CPU
		{CDC975B5-CF01-4C77-8146-8BD22FBEACCD}.Release|Any CPU.Build.0 = Release|Any CPU
	EndGlobalSection
	GlobalSection(SolutionProperties) = preSolution
		HideSolutionNode = FALSE
	EndGlobalSection
	GlobalSection(ExtensibilityGlobals) = postSolution
		SolutionGuid = {DC020BE6-9034-454F-BB80-9871B568CF3E}
	EndGlobalSection
EndGlobal
